
Microsoft Visual Studio Solution File, Format Version 12.00
# Visual Studio Version 17
VisualStudioVersion = 17.10.35122.118
MinimumVisualStudioVersion = 10.0.40219.1
Project("{9A19103F-16F7-4668-BE54-9A1E7A4F7556}") = "Biblioteca", "Biblioteca.csproj", "{AAD5AE0F-54AF-40FB-97EA-1F70F1B18ABE}"
EndProject
Global
	GlobalSection(SolutionConfigurationPlatforms) = preSolution
		Debug|Any CPU = Debug|Any CPU
		Release|Any CPU = Release|Any CPU
	EndGlobalSection
	GlobalSection(ProjectConfigurationPlatforms) = postSolution
		{AAD5AE0F-54AF-40FB-97EA-1F70F1B18ABE}.Debug|Any CPU.ActiveCfg = Debug|Any CPU
		{AAD5AE0F-54AF-40FB-97EA-1F70F1B18ABE}.Debug|Any CPU.Build.0 = Debug|Any CPU
		{AAD5AE0F-54AF-40FB-97EA-1F70F1B18ABE}.Release|Any CPU.ActiveCfg = Release|Any CPU
		{AAD5AE0F-54AF-40FB-97EA-1F70F1B18ABE}.Release|Any CPU.Build.0 = Release|Any CPU
	EndGlobalSection
	GlobalSection(SolutionProperties) = preSolution
		HideSolutionNode = FALSE
	EndGlobalSection
	GlobalSection(ExtensibilityGlobals) = postSolution
		SolutionGuid = {62B3E417-15A0-4004-84D8-E9506AD7A2B3}
	EndGlobalSection
EndGlobal
